
Microsoft Visual Studio Solution File, Format Version 12.00
# Visual Studio Version 16
VisualStudioVersion = 16.0.32106.194
MinimumVisualStudioVersion = 10.0.40219.1
Project("{9A19103F-16F7-4668-BE54-9A1E7A4F7556}") = "shop_models", "shop_models\shop_models.csproj", "{22232CDC-D5D0-4BFA-8830-7F0CA031DBE5}"
EndProject
Project("{9A19103F-16F7-4668-BE54-9A1E7A4F7556}") = "Shop_dblayer", "Shop_Dblayer\Shop_dblayer.csproj", "{7FC8FFEE-7BD1-470E-9B66-0E87E3DF627B}"
EndProject
Project("{9A19103F-16F7-4668-BE54-9A1E7A4F7556}") = "Shop_server", "Shop_server\Shop_server.csproj", "{D64CB7E2-708C-4E96-AA8E-EF4EA733EF81}"
EndProject
Project("{2150E333-8FDC-42A3-9474-1A3956D46DE8}") = "Solution Items", "Solution Items", "{BDA0EAED-8B68-45A9-B45B-0983754CE64E}"
	ProjectSection(SolutionItems) = preProject
		.editorconfig = .editorconfig
	EndProjectSection
EndProject
Global
	GlobalSection(SolutionConfigurationPlatforms) = preSolution
		Debug|Any CPU = Debug|Any CPU
		Release|Any CPU = Release|Any CPU
	EndGlobalSection
	GlobalSection(ProjectConfigurationPlatforms) = postSolution
		{22232CDC-D5D0-4BFA-8830-7F0CA031DBE5}.Debug|Any CPU.ActiveCfg = Debug|Any CPU
		{22232CDC-D5D0-4BFA-8830-7F0CA031DBE5}.Debug|Any CPU.Build.0 = Debug|Any CPU
		{22232CDC-D5D0-4BFA-8830-7F0CA031DBE5}.Release|Any CPU.ActiveCfg = Release|Any CPU
		{22232CDC-D5D0-4BFA-8830-7F0CA031DBE5}.Release|Any CPU.Build.0 = Release|Any CPU
		{7FC8FFEE-7BD1-470E-9B66-0E87E3DF627B}.Debug|Any CPU.ActiveCfg = Debug|Any CPU
		{7FC8FFEE-7BD1-470E-9B66-0E87E3DF627B}.Debug|Any CPU.Build.0 = Debug|Any CPU
		{7FC8FFEE-7BD1-470E-9B66-0E87E3DF627B}.Release|Any CPU.ActiveCfg = Release|Any CPU
		{7FC8FFEE-7BD1-470E-9B66-0E87E3DF627B}.Release|Any CPU.Build.0 = Release|Any CPU
		{D64CB7E2-708C-4E96-AA8E-EF4EA733EF81}.Debug|Any CPU.ActiveCfg = Debug|Any CPU
		{D64CB7E2-708C-4E96-AA8E-EF4EA733EF81}.Debug|Any CPU.Build.0 = Debug|Any CPU
		{D64CB7E2-708C-4E96-AA8E-EF4EA733EF81}.Release|Any CPU.ActiveCfg = Release|Any CPU
		{D64CB7E2-708C-4E96-AA8E-EF4EA733EF81}.Release|Any CPU.Build.0 = Release|Any CPU
	EndGlobalSection
	GlobalSection(SolutionProperties) = preSolution
		HideSolutionNode = FALSE
	EndGlobalSection
	GlobalSection(ExtensibilityGlobals) = postSolution
		SolutionGuid = {CA7FFBC6-F539-44B4-8899-AEF77EDBDAA9}
	EndGlobalSection
EndGlobal
