
Microsoft Visual Studio Solution File, Format Version 12.00
# Visual Studio Version 16
VisualStudioVersion = 16.0.32106.194
MinimumVisualStudioVersion = 10.0.40219.1
Project("{FAE04EC0-301F-11D3-BF4B-00C04F79EFBC}") = "shop_models", "shop_models\shop_models.csproj", "{22232CDC-D5D0-4BFA-8830-7F0CA031DBE5}"
EndProject
Global
	GlobalSection(SolutionConfigurationPlatforms) = preSolution
		Debug|Any CPU = Debug|Any CPU
		Release|Any CPU = Release|Any CPU
	EndGlobalSection
	GlobalSection(ProjectConfigurationPlatforms) = postSolution
		{22232CDC-D5D0-4BFA-8830-7F0CA031DBE5}.Debug|Any CPU.ActiveCfg = Debug|Any CPU
		{22232CDC-D5D0-4BFA-8830-7F0CA031DBE5}.Debug|Any CPU.Build.0 = Debug|Any CPU
		{22232CDC-D5D0-4BFA-8830-7F0CA031DBE5}.Release|Any CPU.ActiveCfg = Release|Any CPU
		{22232CDC-D5D0-4BFA-8830-7F0CA031DBE5}.Release|Any CPU.Build.0 = Release|Any CPU
	EndGlobalSection
	GlobalSection(SolutionProperties) = preSolution
		HideSolutionNode = FALSE
	EndGlobalSection
	GlobalSection(ExtensibilityGlobals) = postSolution
		SolutionGuid = {CA7FFBC6-F539-44B4-8899-AEF77EDBDAA9}
	EndGlobalSection
EndGlobal
